
Microsoft Visual Studio Solution File, Format Version 12.00
# Visual Studio Version 17
VisualStudioVersion = 17.5.002.0
MinimumVisualStudioVersion = 10.0.40219.1
Project("{9A19103F-16F7-4668-BE54-9A1E7A4F7556}") = "switch-statement-practice-Aaron-Meier-Student", "switch-statement-practice-Aaron-Meier-Student.csproj", "{ADFD8416-2639-4037-BD0D-FF99B94CCA70}"
EndProject
Global
	GlobalSection(SolutionConfigurationPlatforms) = preSolution
		Debug|Any CPU = Debug|Any CPU
		Release|Any CPU = Release|Any CPU
	EndGlobalSection
	GlobalSection(ProjectConfigurationPlatforms) = postSolution
		{ADFD8416-2639-4037-BD0D-FF99B94CCA70}.Debug|Any CPU.ActiveCfg = Debug|Any CPU
		{ADFD8416-2639-4037-BD0D-FF99B94CCA70}.Debug|Any CPU.Build.0 = Debug|Any CPU
		{ADFD8416-2639-4037-BD0D-FF99B94CCA70}.Release|Any CPU.ActiveCfg = Release|Any CPU
		{ADFD8416-2639-4037-BD0D-FF99B94CCA70}.Release|Any CPU.Build.0 = Release|Any CPU
	EndGlobalSection
	GlobalSection(SolutionProperties) = preSolution
		HideSolutionNode = FALSE
	EndGlobalSection
	GlobalSection(ExtensibilityGlobals) = postSolution
		SolutionGuid = {7AC0F047-6423-4BE0-B592-8A3B1C69E302}
	EndGlobalSection
EndGlobal
